{
  "version": 4,
  "terraform_version": "1.14.4",
  "serial": 23,
  "lineage": "6863e1ac-0737-7ad7-60aa-957ad9232b1d",
  "outputs": {},
  "resources": [
    {
      "mode": "data",
      "type": "archive_file",
      "name": "start_zip",
      "provider": "provider[\"registry.terraform.io/hashicorp/archive\"]",
      "instances": [
        {
          "schema_version": 0,
          "attributes": {
            "exclude_symlink_directories": null,
            "excludes": null,
            "id": "f4f1eec5a8c2ccfd89b6250caccd918d82832b0b",
            "output_base64sha256": "og63NiK621p3hoqLky0jaPvq3+HnGcKDCNBkEtxy4ws=",
            "output_base64sha512": "9sSyq6bdjzWC7dyWrU3kgxfQD5OrAv3p4mjpKP2VCou0jac659/rKyoSXtxNmnUyhTII+u1ed5FGMflAUq+dVA==",
            "output_file_mode": null,
            "output_md5": "f33e6e5233f25112ad801c3a63bd0b9b",
            "output_path": "./ec2_start.zip",
            "output_sha": "f4f1eec5a8c2ccfd89b6250caccd918d82832b0b",
            "output_sha256": "a20eb73622badb5a77868a8b932d2368fbeadfe1e719c28308d06412dc72e30b",
            "output_sha512": "f6c4b2aba6dd8f3582eddc96ad4de48317d00f93ab02fde9e268e928fd950a8bb48da73ae7dfeb2b2a125edc4d9a7532853208faed5e77914631f94052af9d54",
            "output_size": 612,
            "source": [],
            "source_content": null,
            "source_content_filename": null,
            "source_dir": null,
            "source_file": "./ec2_start.py",
            "type": "zip"
          },
          "sensitive_attributes": [],
          "identity_schema_version": 0
        }
      ]
    },
    {
      "mode": "data",
      "type": "archive_file",
      "name": "stop_zip",
      "provider": "provider[\"registry.terraform.io/hashicorp/archive\"]",
      "instances": [
        {
          "schema_version": 0,
          "attributes": {
            "exclude_symlink_directories": null,
            "excludes": null,
            "id": "72fb4abd1350b09612c3e764d027b355a0cf52ed",
            "output_base64sha256": "ATLmOTIB+4guS9nMzlmPBw6s7gyHvs6rU4oIg2aMtYc=",
            "output_base64sha512": "y9l3zgpzIeCqbaXskPEmVjKBKNU4P2j4UULn6/rPZpjYFklzydg+VafsC11fRC8arZyqDT/N010SSyWoi+n7oA==",
            "output_file_mode": null,
            "output_md5": "febdd4555d441229590023db4e26a545",
            "output_path": "./ec2_stop.zip",
            "output_sha": "72fb4abd1350b09612c3e764d027b355a0cf52ed",
            "output_sha256": "0132e6393201fb882e4bd9ccce598f070eacee0c87beceab538a0883668cb587",
            "output_sha512": "cbd977ce0a7321e0aa6da5ec90f12656328128d5383f68f85142e7ebfacf6698d8164973c9d83e55a7ec0b5d5f442f1aad9caa0d3fcdd35d124b25a88be9fba0",
            "output_size": 491,
            "source": [],
            "source_content": null,
            "source_content_filename": null,
            "source_dir": null,
            "source_file": "./ec2_stop.py",
            "type": "zip"
          },
          "sensitive_attributes": [],
          "identity_schema_version": 0
        }
      ]
    },
    {
      "mode": "managed",
      "type": "aws_cloudwatch_event_rule",
      "name": "start_rule",
      "provider": "provider[\"registry.terraform.io/hashicorp/aws\"]",
      "instances": [
        {
          "schema_version": 1,
          "attributes": {
            "arn": "arn:aws:events:ap-northeast-2:985090322396:rule/ec2_start_rule",
            "description": "",
            "event_bus_name": "default",
            "event_pattern": null,
            "force_destroy": false,
            "id": "ec2_start_rule",
            "is_enabled": true,
            "name": "ec2_start_rule",
            "name_prefix": "",
            "region": "ap-northeast-2",
            "role_arn": "",
            "schedule_expression": "cron(0 1 * * ? *)",
            "state": "ENABLED",
            "tags": {},
            "tags_all": {}
          },
          "sensitive_attributes": [],
          "identity_schema_version": 0,
          "identity": {
            "account_id": "985090322396",
            "name": "ec2_start_rule",
            "region": "ap-northeast-2"
          },
          "private": "eyJzY2hlbWFfdmVyc2lvbiI6IjEifQ=="
        }
      ]
    },
    {
      "mode": "managed",
      "type": "aws_cloudwatch_event_rule",
      "name": "stop_rule",
      "provider": "provider[\"registry.terraform.io/hashicorp/aws\"]",
      "instances": [
        {
          "schema_version": 1,
          "attributes": {
            "arn": "arn:aws:events:ap-northeast-2:985090322396:rule/ec2_stop_rule",
            "description": "",
            "event_bus_name": "default",
            "event_pattern": null,
            "force_destroy": false,
            "id": "ec2_stop_rule",
            "is_enabled": true,
            "name": "ec2_stop_rule",
            "name_prefix": "",
            "region": "ap-northeast-2",
            "role_arn": "",
            "schedule_expression": "cron(0 5 * * ? *)",
            "state": "ENABLED",
            "tags": {},
            "tags_all": {}
          },
          "sensitive_attributes": [],
          "identity_schema_version": 0,
          "identity": {
            "account_id": "985090322396",
            "name": "ec2_stop_rule",
            "region": "ap-northeast-2"
          },
          "private": "eyJzY2hlbWFfdmVyc2lvbiI6IjEifQ=="
        }
      ]
    },
    {
      "mode": "managed",
      "type": "aws_cloudwatch_event_target",
      "name": "start_target",
      "provider": "provider[\"registry.terraform.io/hashicorp/aws\"]",
      "instances": [
        {
          "schema_version": 1,
          "attributes": {
            "appsync_target": [],
            "arn": "arn:aws:lambda:ap-northeast-2:985090322396:function:EC2_Start_Function",
            "batch_target": [],
            "dead_letter_config": [],
            "ecs_target": [],
            "event_bus_name": "default",
            "force_destroy": false,
            "http_target": [],
            "id": "ec2_start_rule-start_lambda",
            "input": "",
            "input_path": "",
            "input_transformer": [],
            "kinesis_target": [],
            "redshift_target": [],
            "region": "ap-northeast-2",
            "retry_policy": [],
            "role_arn": "",
            "rule": "ec2_start_rule",
            "run_command_targets": [],
            "sagemaker_pipeline_target": [],
            "sqs_target": [],
            "target_id": "start_lambda"
          },
          "sensitive_attributes": [],
          "identity_schema_version": 0,
          "identity": {
            "account_id": "985090322396",
            "event_bus_name": "default",
            "region": "ap-northeast-2",
            "rule": "ec2_start_rule",
            "target_id": "start_lambda"
          },
          "private": "eyJzY2hlbWFfdmVyc2lvbiI6IjEifQ==",
          "dependencies": [
            "aws_cloudwatch_event_rule.start_rule",
            "aws_iam_role.lambda_role",
            "aws_instance.web_server",
            "aws_key_pair.deployer",
            "aws_lambda_function.ec2_start_lambda",
            "aws_security_group.web_sg",
            "data.archive_file.start_zip",
            "tls_private_key.deployer"
          ]
        }
      ]
    },
    {
      "mode": "managed",
      "type": "aws_cloudwatch_event_target",
      "name": "stop_target",
      "provider": "provider[\"registry.terraform.io/hashicorp/aws\"]",
      "instances": [
        {
          "schema_version": 1,
          "attributes": {
            "appsync_target": [],
            "arn": "arn:aws:lambda:ap-northeast-2:985090322396:function:EC2_Stop_Function",
            "batch_target": [],
            "dead_letter_config": [],
            "ecs_target": [],
            "event_bus_name": "default",
            "force_destroy": false,
            "http_target": [],
            "id": "ec2_stop_rule-stop_lambda",
            "input": "",
            "input_path": "",
            "input_transformer": [],
            "kinesis_target": [],
            "redshift_target": [],
            "region": "ap-northeast-2",
            "retry_policy": [],
            "role_arn": "",
            "rule": "ec2_stop_rule",
            "run_command_targets": [],
            "sagemaker_pipeline_target": [],
            "sqs_target": [],
            "target_id": "stop_lambda"
          },
          "sensitive_attributes": [],
          "identity_schema_version": 0,
          "identity": {
            "account_id": "985090322396",
            "event_bus_name": "default",
            "region": "ap-northeast-2",
            "rule": "ec2_stop_rule",
            "target_id": "stop_lambda"
          },
          "private": "eyJzY2hlbWFfdmVyc2lvbiI6IjEifQ==",
          "dependencies": [
            "aws_cloudwatch_event_rule.stop_rule",
            "aws_iam_role.lambda_role",
            "aws_instance.web_server",
            "aws_key_pair.deployer",
            "aws_lambda_function.ec2_stop_lambda",
            "aws_security_group.web_sg",
            "data.archive_file.stop_zip",
            "tls_private_key.deployer"
          ]
        }
      ]
    },
    {
      "mode": "managed",
      "type": "aws_iam_role",
      "name": "lambda_role",
      "provider": "provider[\"registry.terraform.io/hashicorp/aws\"]",
      "instances": [
        {
          "schema_version": 0,
          "attributes": {
            "arn": "arn:aws:iam::985090322396:role/ec2_scheduler_lambda_role",
            "assume_role_policy": "{\"Statement\":[{\"Action\":\"sts:AssumeRole\",\"Effect\":\"Allow\",\"Principal\":{\"Service\":\"lambda.amazonaws.com\"}}],\"Version\":\"2012-10-17\"}",
            "create_date": "2026-02-05T06:54:28Z",
            "description": "",
            "force_detach_policies": false,
            "id": "ec2_scheduler_lambda_role",
            "inline_policy": [
              {
                "name": "ec2_control_policy",
                "policy": "{\"Version\":\"2012-10-17\",\"Statement\":[{\"Action\":[\"ec2:StartInstances\",\"ec2:StopInstances\",\"ec2:DescribeInstances\"],\"Effect\":\"Allow\",\"Resource\":\"*\"},{\"Action\":[\"logs:CreateLogGroup\",\"logs:CreateLogStream\",\"logs:PutLogEvents\"],\"Effect\":\"Allow\",\"Resource\":\"arn:aws:logs:*:*:*\"}]}"
              }
            ],
            "managed_policy_arns": [],
            "max_session_duration": 3600,
            "name": "ec2_scheduler_lambda_role",
            "name_prefix": "",
            "path": "/",
            "permissions_boundary": "",
            "tags": {},
            "tags_all": {},
            "unique_id": "AROA6KW7VN7OAAR4PHUVE"
          },
          "sensitive_attributes": [],
          "identity_schema_version": 0,
          "identity": {
            "account_id": "985090322396",
            "name": "ec2_scheduler_lambda_role"
          },
          "private": "bnVsbA=="
        }
      ]
    },
    {
      "mode": "managed",
      "type": "aws_iam_role_policy",
      "name": "ec2_policy",
      "provider": "provider[\"registry.terraform.io/hashicorp/aws\"]",
      "instances": [
        {
          "schema_version": 0,
          "attributes": {
            "id": "ec2_scheduler_lambda_role:ec2_control_policy",
            "name": "ec2_control_policy",
            "name_prefix": "",
            "policy": "{\"Version\":\"2012-10-17\",\"Statement\":[{\"Action\":[\"ec2:StartInstances\",\"ec2:StopInstances\",\"ec2:DescribeInstances\"],\"Effect\":\"Allow\",\"Resource\":\"*\"},{\"Action\":[\"logs:CreateLogGroup\",\"logs:CreateLogStream\",\"logs:PutLogEvents\"],\"Effect\":\"Allow\",\"Resource\":\"arn:aws:logs:*:*:*\"}]}",
            "role": "ec2_scheduler_lambda_role"
          },
          "sensitive_attributes": [],
          "identity_schema_version": 0,
          "identity": {
            "account_id": "985090322396",
            "name": "ec2_control_policy",
            "role": "ec2_scheduler_lambda_role"
          },
          "private": "bnVsbA==",
          "dependencies": [
            "aws_iam_role.lambda_role"
          ]
        }
      ]
    },
    {
      "mode": "managed",
      "type": "aws_instance",
      "name": "monitoring_server",
      "provider": "provider[\"registry.terraform.io/hashicorp/aws\"]",
      "instances": [
        {
          "schema_version": 2,
          "attributes": {
            "ami": "ami-040c33c6a51fd5d96",
            "arn": "arn:aws:ec2:ap-northeast-2:985090322396:instance/i-0ccce4f1e26ace0e0",
            "associate_public_ip_address": true,
            "availability_zone": "ap-northeast-2c",
            "capacity_reservation_specification": [
              {
                "capacity_reservation_preference": "open",
                "capacity_reservation_target": []
              }
            ],
            "cpu_options": [
              {
                "amd_sev_snp": "",
                "core_count": 1,
                "threads_per_core": 2
              }
            ],
            "credit_specification": [
              {
                "cpu_credits": "unlimited"
              }
            ],
            "disable_api_stop": false,
            "disable_api_termination": false,
            "ebs_block_device": [],
            "ebs_optimized": false,
            "enable_primary_ipv6": null,
            "enclave_options": [
              {
                "enabled": false
              }
            ],
            "ephemeral_block_device": [],
            "force_destroy": false,
            "get_password_data": false,
            "hibernation": false,
            "host_id": "",
            "host_resource_group_arn": null,
            "iam_instance_profile": "",
            "id": "i-0ccce4f1e26ace0e0",
            "instance_initiated_shutdown_behavior": "stop",
            "instance_lifecycle": "",
            "instance_market_options": [],
            "instance_state": "running",
            "instance_type": "t3.micro",
            "ipv6_address_count": 0,
            "ipv6_addresses": [],
            "key_name": "k3s-deployer",
            "launch_template": [],
            "maintenance_options": [
              {
                "auto_recovery": "default"
              }
            ],
            "metadata_options": [
              {
                "http_endpoint": "enabled",
                "http_protocol_ipv6": "disabled",
                "http_put_response_hop_limit": 2,
                "http_tokens": "required",
                "instance_metadata_tags": "disabled"
              }
            ],
            "monitoring": false,
            "network_interface": [],
            "outpost_arn": "",
            "password_data": "",
            "placement_group": "",
            "placement_group_id": "",
            "placement_partition_number": 0,
            "primary_network_interface": [
              {
                "delete_on_termination": true,
                "network_interface_id": "eni-0d419224ba0c5ee60"
              }
            ],
            "primary_network_interface_id": "eni-0d419224ba0c5ee60",
            "private_dns": "ip-172-31-32-111.ap-northeast-2.compute.internal",
            "private_dns_name_options": [
              {
                "enable_resource_name_dns_a_record": false,
                "enable_resource_name_dns_aaaa_record": false,
                "hostname_type": "ip-name"
              }
            ],
            "private_ip": "172.31.32.111",
            "public_dns": "ec2-15-164-229-219.ap-northeast-2.compute.amazonaws.com",
            "public_ip": "15.164.229.219",
            "region": "ap-northeast-2",
            "root_block_device": [
              {
                "delete_on_termination": true,
                "device_name": "/dev/sda1",
                "encrypted": false,
                "iops": 3000,
                "kms_key_id": "",
                "tags": {},
                "tags_all": {},
                "throughput": 125,
                "volume_id": "vol-0af4b5047875d64a2",
                "volume_size": 8,
                "volume_type": "gp3"
              }
            ],
            "secondary_private_ips": [],
            "security_groups": [
              "monitoring_server_sg"
            ],
            "source_dest_check": true,
            "spot_instance_request_id": "",
            "subnet_id": "subnet-0ac81a58c52ade18d",
            "tags": {
              "Name": "Monitoring-Server-Prometheus"
            },
            "tags_all": {
              "Name": "Monitoring-Server-Prometheus"
            },
            "tenancy": "default",
            "timeouts": null,
            "user_data": null,
            "user_data_base64": null,
            "user_data_replace_on_change": false,
            "volume_tags": null,
            "vpc_security_group_ids": [
              "sg-0681dad051e4a63f1"
            ]
          },
          "sensitive_attributes": [],
          "identity_schema_version": 0,
          "identity": {
            "account_id": "985090322396",
            "id": "i-0ccce4f1e26ace0e0",
            "region": "ap-northeast-2"
          },
          "private": "eyJlMmJmYjczMC1lY2FhLTExZTYtOGY4OC0zNDM2M2JjN2M0YzAiOnsiY3JlYXRlIjo2MDAwMDAwMDAwMDAsImRlbGV0ZSI6MTIwMDAwMDAwMDAwMCwicmVhZCI6OTAwMDAwMDAwMDAwLCJ1cGRhdGUiOjYwMDAwMDAwMDAwMH0sInNjaGVtYV92ZXJzaW9uIjoiMiJ9",
          "dependencies": [
            "aws_key_pair.deployer",
            "aws_security_group.monitoring_sg",
            "tls_private_key.deployer"
          ]
        }
      ]
    },
    {
      "mode": "managed",
      "type": "aws_instance",
      "name": "web_server",
      "provider": "provider[\"registry.terraform.io/hashicorp/aws\"]",
      "instances": [
        {
          "index_key": 0,
          "schema_version": 2,
          "attributes": {
            "ami": "ami-040c33c6a51fd5d96",
            "arn": "arn:aws:ec2:ap-northeast-2:985090322396:instance/i-05c66beaf11dc8639",
            "associate_public_ip_address": true,
            "availability_zone": "ap-northeast-2c",
            "capacity_reservation_specification": [
              {
                "capacity_reservation_preference": "open",
                "capacity_reservation_target": []
              }
            ],
            "cpu_options": [
              {
                "amd_sev_snp": "",
                "core_count": 1,
                "threads_per_core": 2
              }
            ],
            "credit_specification": [
              {
                "cpu_credits": "unlimited"
              }
            ],
            "disable_api_stop": false,
            "disable_api_termination": false,
            "ebs_block_device": [],
            "ebs_optimized": false,
            "enable_primary_ipv6": null,
            "enclave_options": [
              {
                "enabled": false
              }
            ],
            "ephemeral_block_device": [],
            "force_destroy": false,
            "get_password_data": false,
            "hibernation": false,
            "host_id": "",
            "host_resource_group_arn": null,
            "iam_instance_profile": "",
            "id": "i-05c66beaf11dc8639",
            "instance_initiated_shutdown_behavior": "stop",
            "instance_lifecycle": "",
            "instance_market_options": [],
            "instance_state": "running",
            "instance_type": "t3.micro",
            "ipv6_address_count": 0,
            "ipv6_addresses": [],
            "key_name": "k3s-deployer",
            "launch_template": [],
            "maintenance_options": [
              {
                "auto_recovery": "default"
              }
            ],
            "metadata_options": [
              {
                "http_endpoint": "enabled",
                "http_protocol_ipv6": "disabled",
                "http_put_response_hop_limit": 2,
                "http_tokens": "required",
                "instance_metadata_tags": "disabled"
              }
            ],
            "monitoring": false,
            "network_interface": [],
            "outpost_arn": "",
            "password_data": "",
            "placement_group": "",
            "placement_group_id": "",
            "placement_partition_number": 0,
            "primary_network_interface": [
              {
                "delete_on_termination": true,
                "network_interface_id": "eni-0b321483412e18dd7"
              }
            ],
            "primary_network_interface_id": "eni-0b321483412e18dd7",
            "private_dns": "ip-172-31-40-24.ap-northeast-2.compute.internal",
            "private_dns_name_options": [
              {
                "enable_resource_name_dns_a_record": false,
                "enable_resource_name_dns_aaaa_record": false,
                "hostname_type": "ip-name"
              }
            ],
            "private_ip": "172.31.40.24",
            "public_dns": "ec2-13-209-49-67.ap-northeast-2.compute.amazonaws.com",
            "public_ip": "13.209.49.67",
            "region": "ap-northeast-2",
            "root_block_device": [
              {
                "delete_on_termination": true,
                "device_name": "/dev/sda1",
                "encrypted": false,
                "iops": 3000,
                "kms_key_id": "",
                "tags": {},
                "tags_all": {},
                "throughput": 125,
                "volume_id": "vol-082dbba11f20db5c8",
                "volume_size": 8,
                "volume_type": "gp3"
              }
            ],
            "secondary_private_ips": [],
            "security_groups": [
              "web_server_sg"
            ],
            "source_dest_check": true,
            "spot_instance_request_id": "",
            "subnet_id": "subnet-0ac81a58c52ade18d",
            "tags": {
              "Name": "My-Web-Server-0"
            },
            "tags_all": {
              "Name": "My-Web-Server-0"
            },
            "tenancy": "default",
            "timeouts": null,
            "user_data": null,
            "user_data_base64": null,
            "user_data_replace_on_change": false,
            "volume_tags": null,
            "vpc_security_group_ids": [
              "sg-0be91137ddf1ab6d6"
            ]
          },
          "sensitive_attributes": [],
          "identity_schema_version": 0,
          "identity": {
            "account_id": "985090322396",
            "id": "i-05c66beaf11dc8639",
            "region": "ap-northeast-2"
          },
          "private": "eyJlMmJmYjczMC1lY2FhLTExZTYtOGY4OC0zNDM2M2JjN2M0YzAiOnsiY3JlYXRlIjo2MDAwMDAwMDAwMDAsImRlbGV0ZSI6MTIwMDAwMDAwMDAwMCwicmVhZCI6OTAwMDAwMDAwMDAwLCJ1cGRhdGUiOjYwMDAwMDAwMDAwMH0sInNjaGVtYV92ZXJzaW9uIjoiMiJ9",
          "dependencies": [
            "aws_key_pair.deployer",
            "aws_security_group.web_sg",
            "tls_private_key.deployer"
          ]
        },
        {
          "index_key": 1,
          "schema_version": 2,
          "attributes": {
            "ami": "ami-040c33c6a51fd5d96",
            "arn": "arn:aws:ec2:ap-northeast-2:985090322396:instance/i-06fe532725eece26b",
            "associate_public_ip_address": true,
            "availability_zone": "ap-northeast-2c",
            "capacity_reservation_specification": [
              {
                "capacity_reservation_preference": "open",
                "capacity_reservation_target": []
              }
            ],
            "cpu_options": [
              {
                "amd_sev_snp": "",
                "core_count": 1,
                "threads_per_core": 2
              }
            ],
            "credit_specification": [
              {
                "cpu_credits": "unlimited"
              }
            ],
            "disable_api_stop": false,
            "disable_api_termination": false,
            "ebs_block_device": [],
            "ebs_optimized": false,
            "enable_primary_ipv6": null,
            "enclave_options": [
              {
                "enabled": false
              }
            ],
            "ephemeral_block_device": [],
            "force_destroy": false,
            "get_password_data": false,
            "hibernation": false,
            "host_id": "",
            "host_resource_group_arn": null,
            "iam_instance_profile": "",
            "id": "i-06fe532725eece26b",
            "instance_initiated_shutdown_behavior": "stop",
            "instance_lifecycle": "",
            "instance_market_options": [],
            "instance_state": "running",
            "instance_type": "t3.micro",
            "ipv6_address_count": 0,
            "ipv6_addresses": [],
            "key_name": "k3s-deployer",
            "launch_template": [],
            "maintenance_options": [
              {
                "auto_recovery": "default"
              }
            ],
            "metadata_options": [
              {
                "http_endpoint": "enabled",
                "http_protocol_ipv6": "disabled",
                "http_put_response_hop_limit": 2,
                "http_tokens": "required",
                "instance_metadata_tags": "disabled"
              }
            ],
            "monitoring": false,
            "network_interface": [],
            "outpost_arn": "",
            "password_data": "",
            "placement_group": "",
            "placement_group_id": "",
            "placement_partition_number": 0,
            "primary_network_interface": [
              {
                "delete_on_termination": true,
                "network_interface_id": "eni-01b9d2bfddb1d6197"
              }
            ],
            "primary_network_interface_id": "eni-01b9d2bfddb1d6197",
            "private_dns": "ip-172-31-32-184.ap-northeast-2.compute.internal",
            "private_dns_name_options": [
              {
                "enable_resource_name_dns_a_record": false,
                "enable_resource_name_dns_aaaa_record": false,
                "hostname_type": "ip-name"
              }
            ],
            "private_ip": "172.31.32.184",
            "public_dns": "ec2-13-125-246-108.ap-northeast-2.compute.amazonaws.com",
            "public_ip": "13.125.246.108",
            "region": "ap-northeast-2",
            "root_block_device": [
              {
                "delete_on_termination": true,
                "device_name": "/dev/sda1",
                "encrypted": false,
                "iops": 3000,
                "kms_key_id": "",
                "tags": {},
                "tags_all": {},
                "throughput": 125,
                "volume_id": "vol-0ed9c80d8c10cbc07",
                "volume_size": 8,
                "volume_type": "gp3"
              }
            ],
            "secondary_private_ips": [],
            "security_groups": [
              "web_server_sg"
            ],
            "source_dest_check": true,
            "spot_instance_request_id": "",
            "subnet_id": "subnet-0ac81a58c52ade18d",
            "tags": {
              "Name": "My-Web-Server-1"
            },
            "tags_all": {
              "Name": "My-Web-Server-1"
            },
            "tenancy": "default",
            "timeouts": null,
            "user_data": null,
            "user_data_base64": null,
            "user_data_replace_on_change": false,
            "volume_tags": null,
            "vpc_security_group_ids": [
              "sg-0be91137ddf1ab6d6"
            ]
          },
          "sensitive_attributes": [],
          "identity_schema_version": 0,
          "identity": {
            "account_id": "985090322396",
            "id": "i-06fe532725eece26b",
            "region": "ap-northeast-2"
          },
          "private": "eyJlMmJmYjczMC1lY2FhLTExZTYtOGY4OC0zNDM2M2JjN2M0YzAiOnsiY3JlYXRlIjo2MDAwMDAwMDAwMDAsImRlbGV0ZSI6MTIwMDAwMDAwMDAwMCwicmVhZCI6OTAwMDAwMDAwMDAwLCJ1cGRhdGUiOjYwMDAwMDAwMDAwMH0sInNjaGVtYV92ZXJzaW9uIjoiMiJ9",
          "dependencies": [
            "aws_key_pair.deployer",
            "aws_security_group.web_sg",
            "tls_private_key.deployer"
          ]
        }
      ]
    },
    {
      "mode": "managed",
      "type": "aws_key_pair",
      "name": "deployer",
      "provider": "provider[\"registry.terraform.io/hashicorp/aws\"]",
      "instances": [
        {
          "schema_version": 1,
          "attributes": {
            "arn": "arn:aws:ec2:ap-northeast-2:985090322396:key-pair/k3s-deployer",
            "fingerprint": "60:27:d9:46:e7:3b:9c:d8:19:35:6a:19:58:6e:2f:94",
            "id": "k3s-deployer",
            "key_name": "k3s-deployer",
            "key_name_prefix": "",
            "key_pair_id": "key-010933896df359551",
            "key_type": "rsa",
            "public_key": "ssh-rsa AAAAB3NzaC1yc2EAAAADAQABAAACAQDvkVm9BgDCCF8SuBhhNsKLM18XNrFGH3CKxlWRa1rAPtuCvOtwAgPH6gNHQnDstiC5PEyLwDNU1brM/esEcUSFwWAD1/NM0DXG3pOEaVQmEzX/4T38oji2eXcz1Rwpppp4zNtOKZxTCUJhjcuZ7eQwXN4HbV4W7aMgWVZo+0xO46zEkHIJNFd6WG/efKR4d+z/OCkv9kk8cwWt0h+QZWOYd1h/zwEtqwBgo/pxHf0CHnF9REg61r0AMIio5tFqWqGPLt7YcqSiwE5DiIA9+I5HkbWE+BThYXvmfOZhTQ9xOIV6k31lbzVVH97JRXyauVa2S2z3zxPedq4MAQp0gFqAq+urFxEoxe246orv3xHCWvMs9SXATq2Ynp4s80lN6o+ilAuj/zv72zENmUvL69U/VIKWT87qFKYKuOt9GUqqJV6rfrSZm+nuJuTq64Ag5SKdpBcC+kcpZrWnXYLC0Utg97K/9U/VASvFhUi6koYVqG57gPRzox8TJzE74T4KIaZ+nBvI2tesisqU/DuoPBTAuEDF0c8KqIi7704/s2rwEL5zIYR6QMFesGubuMKTDHpMrGgVaYDSCv4QOFs8xWlJu0aZKiOGiwT7ebWERpTq/uGAgoelYsw7JWBr4MrErB118Zh3ppcatN8D72X4XhTrN1nHA5EEekYM36JHh6UHJQ==",
            "region": "ap-northeast-2",
            "tags": {},
            "tags_all": {}
          },
          "sensitive_attributes": [],
          "identity_schema_version": 0,
          "private": "eyJzY2hlbWFfdmVyc2lvbiI6IjEifQ==",
          "dependencies": [
            "tls_private_key.deployer"
          ]
        }
      ]
    },
    {
      "mode": "managed",
      "type": "aws_lambda_function",
      "name": "ec2_start_lambda",
      "provider": "provider[\"registry.terraform.io/hashicorp/aws\"]",
      "instances": [
        {
          "schema_version": 0,
          "attributes": {
            "architectures": [
              "x86_64"
            ],
            "arn": "arn:aws:lambda:ap-northeast-2:985090322396:function:EC2_Start_Function",
            "capacity_provider_config": [],
            "code_sha256": "og63NiK621p3hoqLky0jaPvq3+HnGcKDCNBkEtxy4ws=",
            "code_signing_config_arn": "",
            "dead_letter_config": [],
            "description": "",
            "durable_config": [],
            "environment": [
              {
                "variables": {
                  "INSTANCE_IDS": "i-05c66beaf11dc8639,i-06fe532725eece26b"
                }
              }
            ],
            "ephemeral_storage": [
              {
                "size": 512
              }
            ],
            "file_system_config": [],
            "filename": "./ec2_start.zip",
            "function_name": "EC2_Start_Function",
            "handler": "ec2_start.lambda_handler",
            "id": "EC2_Start_Function",
            "image_config": [],
            "image_uri": "",
            "invoke_arn": "arn:aws:apigateway:ap-northeast-2:lambda:path/2015-03-31/functions/arn:aws:lambda:ap-northeast-2:985090322396:function:EC2_Start_Function/invocations",
            "kms_key_arn": "",
            "last_modified": "2026-02-05T06:57:19.144+0000",
            "layers": null,
            "logging_config": [
              {
                "application_log_level": "",
                "log_format": "Text",
                "log_group": "/aws/lambda/EC2_Start_Function",
                "system_log_level": ""
              }
            ],
            "memory_size": 128,
            "package_type": "Zip",
            "publish": false,
            "publish_to": null,
            "qualified_arn": "arn:aws:lambda:ap-northeast-2:985090322396:function:EC2_Start_Function:$LATEST",
            "qualified_invoke_arn": "arn:aws:apigateway:ap-northeast-2:lambda:path/2015-03-31/functions/arn:aws:lambda:ap-northeast-2:985090322396:function:EC2_Start_Function:$LATEST/invocations",
            "region": "ap-northeast-2",
            "replace_security_groups_on_destroy": null,
            "replacement_security_group_ids": null,
            "reserved_concurrent_executions": -1,
            "response_streaming_invoke_arn": "arn:aws:apigateway:ap-northeast-2:lambda:path/2021-11-15/functions/arn:aws:lambda:ap-northeast-2:985090322396:function:EC2_Start_Function/response-streaming-invocations",
            "role": "arn:aws:iam::985090322396:role/ec2_scheduler_lambda_role",
            "runtime": "python3.9",
            "s3_bucket": null,
            "s3_key": null,
            "s3_object_version": null,
            "signing_job_arn": "",
            "signing_profile_version_arn": "",
            "skip_destroy": false,
            "snap_start": [],
            "source_code_hash": "",
            "source_code_size": 612,
            "source_kms_key_arn": "",
            "tags": null,
            "tags_all": {},
            "tenancy_config": [],
            "timeout": 3,
            "timeouts": null,
            "tracing_config": [
              {
                "mode": "PassThrough"
              }
            ],
            "version": "$LATEST",
            "vpc_config": []
          },
          "sensitive_attributes": [],
          "identity_schema_version": 0,
          "identity": {
            "account_id": "985090322396",
            "function_name": "EC2_Start_Function",
            "region": "ap-northeast-2"
          },
          "private": "eyJlMmJmYjczMC1lY2FhLTExZTYtOGY4OC0zNDM2M2JjN2M0YzAiOnsiY3JlYXRlIjo2MDAwMDAwMDAwMDAsImRlbGV0ZSI6NjAwMDAwMDAwMDAwLCJ1cGRhdGUiOjYwMDAwMDAwMDAwMH19",
          "dependencies": [
            "aws_iam_role.lambda_role",
            "aws_instance.web_server",
            "aws_key_pair.deployer",
            "aws_security_group.web_sg",
            "data.archive_file.start_zip",
            "tls_private_key.deployer"
          ]
        }
      ]
    },
    {
      "mode": "managed",
      "type": "aws_lambda_function",
      "name": "ec2_stop_lambda",
      "provider": "provider[\"registry.terraform.io/hashicorp/aws\"]",
      "instances": [
        {
          "schema_version": 0,
          "attributes": {
            "architectures": [
              "x86_64"
            ],
            "arn": "arn:aws:lambda:ap-northeast-2:985090322396:function:EC2_Stop_Function",
            "capacity_provider_config": [],
            "code_sha256": "ATLmOTIB+4guS9nMzlmPBw6s7gyHvs6rU4oIg2aMtYc=",
            "code_signing_config_arn": "",
            "dead_letter_config": [],
            "description": "",
            "durable_config": [],
            "environment": [
              {
                "variables": {
                  "INSTANCE_IDS": "i-05c66beaf11dc8639,i-06fe532725eece26b"
                }
              }
            ],
            "ephemeral_storage": [
              {
                "size": 512
              }
            ],
            "file_system_config": [],
            "filename": "./ec2_stop.zip",
            "function_name": "EC2_Stop_Function",
            "handler": "ec2_stop.lambda_handler",
            "id": "EC2_Stop_Function",
            "image_config": [],
            "image_uri": "",
            "invoke_arn": "arn:aws:apigateway:ap-northeast-2:lambda:path/2015-03-31/functions/arn:aws:lambda:ap-northeast-2:985090322396:function:EC2_Stop_Function/invocations",
            "kms_key_arn": "",
            "last_modified": "2026-02-05T06:57:13.124+0000",
            "layers": null,
            "logging_config": [
              {
                "application_log_level": "",
                "log_format": "Text",
                "log_group": "/aws/lambda/EC2_Stop_Function",
                "system_log_level": ""
              }
            ],
            "memory_size": 128,
            "package_type": "Zip",
            "publish": false,
            "publish_to": null,
            "qualified_arn": "arn:aws:lambda:ap-northeast-2:985090322396:function:EC2_Stop_Function:$LATEST",
            "qualified_invoke_arn": "arn:aws:apigateway:ap-northeast-2:lambda:path/2015-03-31/functions/arn:aws:lambda:ap-northeast-2:985090322396:function:EC2_Stop_Function:$LATEST/invocations",
            "region": "ap-northeast-2",
            "replace_security_groups_on_destroy": null,
            "replacement_security_group_ids": null,
            "reserved_concurrent_executions": -1,
            "response_streaming_invoke_arn": "arn:aws:apigateway:ap-northeast-2:lambda:path/2021-11-15/functions/arn:aws:lambda:ap-northeast-2:985090322396:function:EC2_Stop_Function/response-streaming-invocations",
            "role": "arn:aws:iam::985090322396:role/ec2_scheduler_lambda_role",
            "runtime": "python3.9",
            "s3_bucket": null,
            "s3_key": null,
            "s3_object_version": null,
            "signing_job_arn": "",
            "signing_profile_version_arn": "",
            "skip_destroy": false,
            "snap_start": [],
            "source_code_hash": "ATLmOTIB+4guS9nMzlmPBw6s7gyHvs6rU4oIg2aMtYc=",
            "source_code_size": 491,
            "source_kms_key_arn": "",
            "tags": null,
            "tags_all": {},
            "tenancy_config": [],
            "timeout": 3,
            "timeouts": null,
            "tracing_config": [
              {
                "mode": "PassThrough"
              }
            ],
            "version": "$LATEST",
            "vpc_config": []
          },
          "sensitive_attributes": [],
          "identity_schema_version": 0,
          "identity": {
            "account_id": "985090322396",
            "function_name": "EC2_Stop_Function",
            "region": "ap-northeast-2"
          },
          "private": "eyJlMmJmYjczMC1lY2FhLTExZTYtOGY4OC0zNDM2M2JjN2M0YzAiOnsiY3JlYXRlIjo2MDAwMDAwMDAwMDAsImRlbGV0ZSI6NjAwMDAwMDAwMDAwLCJ1cGRhdGUiOjYwMDAwMDAwMDAwMH19",
          "dependencies": [
            "aws_iam_role.lambda_role",
            "aws_instance.web_server",
            "aws_key_pair.deployer",
            "aws_security_group.web_sg",
            "data.archive_file.stop_zip",
            "tls_private_key.deployer"
          ]
        }
      ]
    },
    {
      "mode": "managed",
      "type": "aws_lambda_permission",
      "name": "allow_start",
      "provider": "provider[\"registry.terraform.io/hashicorp/aws\"]",
      "instances": [
        {
          "schema_version": 0,
          "attributes": {
            "action": "lambda:InvokeFunction",
            "event_source_token": null,
            "function_name": "EC2_Start_Function",
            "function_url_auth_type": null,
            "id": "terraform-20260205065724782500000005",
            "invoked_via_function_url": null,
            "principal": "events.amazonaws.com",
            "principal_org_id": null,
            "qualifier": "",
            "region": "ap-northeast-2",
            "source_account": null,
            "source_arn": "arn:aws:events:ap-northeast-2:985090322396:rule/ec2_start_rule",
            "statement_id": "terraform-20260205065724782500000005",
            "statement_id_prefix": "terraform-"
          },
          "sensitive_attributes": [],
          "identity_schema_version": 0,
          "identity": {
            "account_id": "985090322396",
            "function_name": "EC2_Start_Function",
            "qualifier": null,
            "region": "ap-northeast-2",
            "statement_id": "terraform-20260205065724782500000005"
          },
          "private": "bnVsbA==",
          "dependencies": [
            "aws_cloudwatch_event_rule.start_rule",
            "aws_iam_role.lambda_role",
            "aws_instance.web_server",
            "aws_key_pair.deployer",
            "aws_lambda_function.ec2_start_lambda",
            "aws_security_group.web_sg",
            "data.archive_file.start_zip",
            "tls_private_key.deployer"
          ]
        }
      ]
    },
    {
      "mode": "managed",
      "type": "aws_lambda_permission",
      "name": "allow_stop",
      "provider": "provider[\"registry.terraform.io/hashicorp/aws\"]",
      "instances": [
        {
          "schema_version": 0,
          "attributes": {
            "action": "lambda:InvokeFunction",
            "event_source_token": null,
            "function_name": "EC2_Stop_Function",
            "function_url_auth_type": null,
            "id": "terraform-20260205065719022100000004",
            "invoked_via_function_url": null,
            "principal": "events.amazonaws.com",
            "principal_org_id": null,
            "qualifier": "",
            "region": "ap-northeast-2",
            "source_account": null,
            "source_arn": "arn:aws:events:ap-northeast-2:985090322396:rule/ec2_stop_rule",
            "statement_id": "terraform-20260205065719022100000004",
            "statement_id_prefix": "terraform-"
          },
          "sensitive_attributes": [],
          "identity_schema_version": 0,
          "identity": {
            "account_id": "985090322396",
            "function_name": "EC2_Stop_Function",
            "qualifier": null,
            "region": "ap-northeast-2",
            "statement_id": "terraform-20260205065719022100000004"
          },
          "private": "bnVsbA==",
          "dependencies": [
            "aws_cloudwatch_event_rule.stop_rule",
            "aws_iam_role.lambda_role",
            "aws_instance.web_server",
            "aws_key_pair.deployer",
            "aws_lambda_function.ec2_stop_lambda",
            "aws_security_group.web_sg",
            "data.archive_file.stop_zip",
            "tls_private_key.deployer"
          ]
        }
      ]
    },
    {
      "mode": "managed",
      "type": "aws_security_group",
      "name": "monitoring_sg",
      "provider": "provider[\"registry.terraform.io/hashicorp/aws\"]",
      "instances": [
        {
          "schema_version": 1,
          "attributes": {
            "arn": "arn:aws:ec2:ap-northeast-2:985090322396:security-group/sg-0681dad051e4a63f1",
            "description": "Managed by Terraform",
            "egress": [
              {
                "cidr_blocks": [
                  "0.0.0.0/0"
                ],
                "description": "",
                "from_port": 0,
                "ipv6_cidr_blocks": [],
                "prefix_list_ids": [],
                "protocol": "-1",
                "security_groups": [],
                "self": false,
                "to_port": 0
              }
            ],
            "id": "sg-0681dad051e4a63f1",
            "ingress": [
              {
                "cidr_blocks": [
                  "0.0.0.0/0"
                ],
                "description": "",
                "from_port": 22,
                "ipv6_cidr_blocks": [],
                "prefix_list_ids": [],
                "protocol": "tcp",
                "security_groups": [],
                "self": false,
                "to_port": 22
              },
              {
                "cidr_blocks": [
                  "0.0.0.0/0"
                ],
                "description": "",
                "from_port": 9090,
                "ipv6_cidr_blocks": [],
                "prefix_list_ids": [],
                "protocol": "tcp",
                "security_groups": [],
                "self": false,
                "to_port": 9090
              }
            ],
            "name": "monitoring_server_sg",
            "name_prefix": "",
            "owner_id": "985090322396",
            "region": "ap-northeast-2",
            "revoke_rules_on_delete": false,
            "tags": {},
            "tags_all": {},
            "timeouts": null,
            "vpc_id": "vpc-0575fc7da26b3e404"
          },
          "sensitive_attributes": [],
          "identity_schema_version": 0,
          "identity": {
            "account_id": "985090322396",
            "id": "sg-0681dad051e4a63f1",
            "region": "ap-northeast-2"
          },
          "private": "eyJlMmJmYjczMC1lY2FhLTExZTYtOGY4OC0zNDM2M2JjN2M0YzAiOnsiY3JlYXRlIjo2MDAwMDAwMDAwMDAsImRlbGV0ZSI6OTAwMDAwMDAwMDAwfSwic2NoZW1hX3ZlcnNpb24iOiIxIn0="
        }
      ]
    },
    {
      "mode": "managed",
      "type": "aws_security_group",
      "name": "web_sg",
      "provider": "provider[\"registry.terraform.io/hashicorp/aws\"]",
      "instances": [
        {
          "schema_version": 1,
          "attributes": {
            "arn": "arn:aws:ec2:ap-northeast-2:985090322396:security-group/sg-0be91137ddf1ab6d6",
            "description": "Managed by Terraform",
            "egress": [
              {
                "cidr_blocks": [
                  "0.0.0.0/0"
                ],
                "description": "",
                "from_port": 0,
                "ipv6_cidr_blocks": [],
                "prefix_list_ids": [],
                "protocol": "-1",
                "security_groups": [],
                "self": false,
                "to_port": 0
              }
            ],
            "id": "sg-0be91137ddf1ab6d6",
            "ingress": [
              {
                "cidr_blocks": [
                  "0.0.0.0/0"
                ],
                "description": "",
                "from_port": 22,
                "ipv6_cidr_blocks": [],
                "prefix_list_ids": [],
                "protocol": "tcp",
                "security_groups": [],
                "self": false,
                "to_port": 22
              },
              {
                "cidr_blocks": [
                  "0.0.0.0/0"
                ],
                "description": "",
                "from_port": 80,
                "ipv6_cidr_blocks": [],
                "prefix_list_ids": [],
                "protocol": "tcp",
                "security_groups": [],
                "self": false,
                "to_port": 80
              }
            ],
            "name": "web_server_sg",
            "name_prefix": "",
            "owner_id": "985090322396",
            "region": "ap-northeast-2",
            "revoke_rules_on_delete": false,
            "tags": {},
            "tags_all": {},
            "timeouts": null,
            "vpc_id": "vpc-0575fc7da26b3e404"
          },
          "sensitive_attributes": [],
          "identity_schema_version": 0,
          "identity": {
            "account_id": "985090322396",
            "id": "sg-0be91137ddf1ab6d6",
            "region": "ap-northeast-2"
          },
          "private": "eyJlMmJmYjczMC1lY2FhLTExZTYtOGY4OC0zNDM2M2JjN2M0YzAiOnsiY3JlYXRlIjo2MDAwMDAwMDAwMDAsImRlbGV0ZSI6OTAwMDAwMDAwMDAwfSwic2NoZW1hX3ZlcnNpb24iOiIxIn0="
        }
      ]
    },
    {
      "mode": "managed",
      "type": "local_file",
      "name": "ansible_inventory",
      "provider": "provider[\"registry.terraform.io/hashicorp/local\"]",
      "instances": [
        {
          "schema_version": 0,
          "attributes": {
            "content": "[master]\r\n13.209.49.67 ansible_host=13.209.49.67 ansible_user=ubuntu ansible_ssh_private_key_file=./ansible/keys/deployer.pem\r\n\r\n[worker]\r\n13.125.246.108 ansible_host=13.125.246.108 ansible_user=ubuntu ansible_ssh_private_key_file=./ansible/keys/deployer.pem\r\n\r\n[monitoring]\r\n15.164.229.219 ansible_host=15.164.229.219 ansible_user=ubuntu ansible_ssh_private_key_file=./ansible/keys/deployer.pem\r\n\r\n[k3s_cluster:children]\r\nmaster\r\nworker\r\n\r\n[k3s_cluster:vars]\r\nansible_user=ubuntu\r\nansible_ssh_private_key_file=./ansible/keys/deployer.pem\r\nansible_ssh_common_args='-o StrictHostKeyChecking=no'\r\n\r\n[monitoring:vars]\r\nansible_user=ubuntu\r\nansible_ssh_private_key_file=./ansible/keys/deployer.pem\r\nansible_ssh_common_args='-o StrictHostKeyChecking=no'\r\n",
            "content_base64": null,
            "content_base64sha256": "r5fXI4ssC/TuwolKGpebVbePzsCZYblMYLy3mmMjFug=",
            "content_base64sha512": "sc/DQpYCBkq0FdO5oH7aqyqZrnuKpmwqyNNuYoO9fHUTM6IVYa+EvPACJYOOO+fBduQz9QwBiReK+RwHMz7WkA==",
            "content_md5": "9fb3f4b85a96fe7f0eead7a14fd34ede",
            "content_sha1": "4cbdbc7ee730d8a955be4dfa892088c9a5e0c532",
            "content_sha256": "af97d7238b2c0bf4eec2894a1a979b55b78fcec09961b94c60bcb79a632316e8",
            "content_sha512": "b1cfc3429602064ab415d3b9a07edaab2a99ae7b8aa66c2ac8d36e6283bd7c751333a21561af84bcf00225838e3be7c176e433f50c0189178af91c07333ed690",
            "directory_permission": "0777",
            "file_permission": "0777",
            "filename": "./ansible/inventory/aws.ini",
            "id": "4cbdbc7ee730d8a955be4dfa892088c9a5e0c532",
            "sensitive_content": null,
            "source": null
          },
          "sensitive_attributes": [
            [
              {
                "type": "get_attr",
                "value": "sensitive_content"
              }
            ]
          ],
          "identity_schema_version": 0,
          "dependencies": [
            "aws_instance.monitoring_server",
            "aws_instance.web_server",
            "aws_key_pair.deployer",
            "aws_security_group.monitoring_sg",
            "aws_security_group.web_sg",
            "local_file.private_key",
            "tls_private_key.deployer"
          ]
        }
      ]
    },
    {
      "mode": "managed",
      "type": "local_file",
      "name": "private_key",
      "provider": "provider[\"registry.terraform.io/hashicorp/local\"]",
      "instances": [
        {
          "schema_version": 0,
          "attributes": {
            "content": "-----BEGIN RSA PRIVATE KEY-----\nMIIJKAIBAAKCAgEA75FZvQYAwghfErgYYTbCizNfFzaxRh9wisZVkWtawD7bgrzr\ncAIDx+oDR0Jw7LYguTxMi8AzVNW6zP3rBHFEhcFgA9fzTNA1xt6ThGlUJhM1/+E9\n/KI4tnl3M9UcKaaaeMzbTimcUwlCYY3Lme3kMFzeB21eFu2jIFlWaPtMTuOsxJBy\nCTRXelhv3nykeHfs/zgpL/ZJPHMFrdIfkGVjmHdYf88BLasAYKP6cR39Ah5xfURI\nOta9ADCIqObRalqhjy7e2HKkosBOQ4iAPfiOR5G1hPgU4WF75nzmYU0PcTiFepN9\nZW81VR/eyUV8mrlWtkts988T3nauDAEKdIBagKvrqxcRKMXtuOqK798RwlrzLPUl\nwE6tmJ6eLPNJTeqPopQLo/87+9sxDZlLy+vVP1SClk/O6hSmCrjrfRlKqiVeq360\nmZvp7ibk6uuAIOUinaQXAvpHKWa1p12CwtFLYPeyv/VP1QErxYVIupKGFahue4D0\nc6MfEycxO+E+CiGmfpwbyNrXrIrKlPw7qDwUwLhAxdHPCqiIu+9OP7Nq8BC+cyGE\nekDBXrBrm7jCkwx6TKxoFWmA0gr+EDhbPMVpSbtGmSojhosE+3m1hEaU6v7hgIKH\npWLMOyVga+DKxKwddfGYd6aXGrTfA+9l+F4U6zdZxwORBHpGDN+iR4elByUCAwEA\nAQKCAgBnAOXGohgdVSAbmk/RLIxE8ZeHEZry/X2UDWapGbFxSxVyhuvrwtIBWJqE\nPwrym/RB8K0wwTjQ1vx0OxCbXmAJ6nTv8h/H/RXCJdzjZ64omMX0+NGAF/eubVdV\nT+HF/r4YBmyclMOD6E1ESIUr797W9Hb6VonH7fDfbcn7ZWEP4lBcS4bcckbSccfX\nr1u/+EBME8eRuaEPfp0IeXncydsiqN3CRizJh+anppl9nVk1WgWNyJgNxFqLBFMd\n2/BafBFO0OY7xj8HQwvjeYM6Ie560ylqvIetyA5PsZAUcd+b3KN3aobV4BTcPtG5\nVEkY9WtVAeUeP0jZs8ltm9z07mL6buXTpCi9B4YAMhdOn3dD4rIs+aUOpCgyefe1\nT+Z2lS1orbZWF7c36/QUOwNSg2uj6CbkXAFrssOneDv/T1849qiRIv/eE9BWJj83\npOqq4ODgJSB/5mMaTQV6k5tb1QgTIBM0F+HhEed6mFErF3DBoGY4sFXFP2K7YmkT\nW/gV5N/qO4GycMQgJ5yLJp5r+hPOg4s2pru6ncFxJQ2z4n4Gc7NuBeU7APJVSdko\nNCC1HHManx89soCAcM7bhdA034m9QuQ9ia7Be2NmxxqIeNrOtWkB6h0J8dB7vlhH\nVlXAQYwd7cVyZPemNfzTDDOemLp5Mz9AYa+BRzXs80AGF5+8GQKCAQEA8L6bQR0v\nAJodOgVZtyXFAHqbI4aCOq5tnj9O0AIKjdyTPOHt74KWXDookG+XGaBaTx/FVDe6\nO7IySnnt3EqbJa/KVf5RumKHUNIwVuK52K2nEcuKWfkK3a0y0QvOxfTEff4uc3HG\njSGAYrgKYbA88d+dQQApaMgVeNfxmWj1oCOedyK+tI7UOEq2e6F+RDfzO+GwVX6i\nA405YO5jXdg/fKumOeqmA2jXdnCyO6XVeXjd9siZfoaH/x1R58fY+ucYUyzDOPyk\nqFvqZaXpe1voVlg1skr3N02/E/ur6hnL02lX+vq2QbJVt0vea1j0IbHe2vQwNxY1\nYC9az0Z+NfZQhwKCAQEA/r+nd1sCEnxwbOo+NIPKGHnqzMnZWYIiD2nwntZ57jTe\ngcfwZ80rP/M9pAmsKAFC0UjmptQdQfbJcSfiLD4SCMXB9viXnV5kUsyXw+QRfUJ+\nxnlJgLda10/wxL0Fz6sQnjTP6X4JVMzw6wC7KPgRyxwmWBkpPQwfaalHCWw4mfOv\nLlTDaKMR40qfn3WHA2cN7FtbdaRluUcuQpQurgtnbXsi38IWCEbUDGe7ojUhwRVR\nsIldDI3uh4OsMWXr9fv7CSE6IhmI7Dpj91u5N2DX64hMjC5TSv9Qvh6LBzwF9B54\n1WN7arnSlcucMbvXznvZ7EhWoZlczgkRAr1+Wh1x8wKCAQBaNjKbTcJFKXr2OPcL\naD3QFiF4SHkYYDB3ciWoUHt/+T27PLYaYAbT/H8i0I4AblQo/jDFhDRnFjk+Kz50\npAhLMPpTCv+5Jh6qrHistj0J8th+FJV9bZMiyjoWl6QeDcBrrgnd/K54SCuB0pEh\nVhcgU7jrmJHrz74sEE9aOzh/j5lb70sjAbqIdYa4ASX9jjG5KLMY9mDjj9IGfo4B\npnzzzKZ3YXRgJrNGkKhZLaU25ZHXXggWn3bqpCQDBKJMMriswkNNYW6aIAdPm8JI\nFYKUiG1mqCzHLn0BkfczvALi78CmLbiKGbeA/g8Ujrq8vZhS19oRamMJ7fTLYxD8\nS5aVAoIBAQCuD2+yarmIvgPnN0oXgbDVdoALOyPKN9Nj6sPhE7SuIOuji2Rk2Ffj\n0yRb78v0baAk9YW7mZUAHEpZiaHNDwAthEnaoNKfUP6FYIuV6kBU8NlEbVzemOl1\n0oY1Nt5Anaa2ImmpJVfk3D8EozQ+cvldaTd93HtD3gOco3AJLSujbVBV/M6jsUAo\nqDVWs+vzVDe8NlPQlup2ZP9juHIIs3wQ3yDd+HQrZZG/hCU9WMZecl2lnMW6LUQ8\nzaga/IP0SB6nh098OyxGFEN3oPF1uDLwGOoMoh6BUN/vd1kRMV70BNoVG2sZaixL\n85oelTWIPTGSc37V3b7+fE1mLOmnUxUnAoIBAB1vWDRUVo7KOLcwpZLd+etWANy3\nyfoSmeObbeSrAyOCAlUnT6/1V8PPdPusTr2q5PApXAFWgIcpATZowkvClqwQCguC\n0mcOvR9dMa2DW+0lp29cdzrzPIVIO8euydHgC5yVPZnjNEABcICXNgw67AjvsBlk\nXiPt1XN5pHkm6xj9V4vELbaPf6KgfQ1OnMj7GW7W3KdIhMZKz9iOkzguEs2awjgV\nXnTW1uNzwMfgVdbpQ9h6pYtFM5hOM6hznnE9QuhGGyqPl4Hu+Zff4HA8O57SOrev\n6ao58nSVCmBiJB6sldvJcCkMLjAgr5W88KhODI0dsvXfgOcwSkr4b9wO8pE=\n-----END RSA PRIVATE KEY-----\n",
            "content_base64": null,
            "content_base64sha256": "rhCDSbsjVrR2a/Ayk1GmVEg2b7pfKXIuI89kGTQTi8o=",
            "content_base64sha512": "ewuaswZWmXuU/YECDqcG34SkL0Ao6u7dkPcd7vEPSaG/JFP3GKOgYMtjGQV8Wi6SwhNmpFM+DPK5+IJV/z5yjQ==",
            "content_md5": "6f500726b0a16cf640f0a54aa1411018",
            "content_sha1": "ed5bf90a9d2cee8c1acd187756ada0038af39e18",
            "content_sha256": "ae108349bb2356b4766bf0329351a65448366fba5f29722e23cf641934138bca",
            "content_sha512": "7b0b9ab30656997b94fd81020ea706df84a42f4028eaeedd90f71deef10f49a1bf2453f718a3a060cb6319057c5a2e92c21366a4533e0cf2b9f88255ff3e728d",
            "directory_permission": "0777",
            "file_permission": "0600",
            "filename": "./ansible/keys/deployer.pem",
            "id": "ed5bf90a9d2cee8c1acd187756ada0038af39e18",
            "sensitive_content": null,
            "source": null
          },
          "sensitive_attributes": [
            [
              {
                "type": "get_attr",
                "value": "content"
              }
            ],
            [
              {
                "type": "get_attr",
                "value": "sensitive_content"
              }
            ]
          ],
          "identity_schema_version": 0,
          "dependencies": [
            "tls_private_key.deployer"
          ]
        }
      ]
    },
    {
      "mode": "managed",
      "type": "tls_private_key",
      "name": "deployer",
      "provider": "provider[\"registry.terraform.io/hashicorp/tls\"]",
      "instances": [
        {
          "schema_version": 1,
          "attributes": {
            "algorithm": "RSA",
            "ecdsa_curve": "P224",
            "id": "31db717f9970f2ecb01de9cb5659126eed9da327",
            "private_key_openssh": "-----BEGIN OPENSSH PRIVATE KEY-----\nb3BlbnNzaC1rZXktdjEAAAAABG5vbmUAAAAEbm9uZQAAAAAAAAABAAACFwAAAAdz\nc2gtcnNhAAAAAwEAAQAAAgEA75FZvQYAwghfErgYYTbCizNfFzaxRh9wisZVkWta\nwD7bgrzrcAIDx+oDR0Jw7LYguTxMi8AzVNW6zP3rBHFEhcFgA9fzTNA1xt6ThGlU\nJhM1/+E9/KI4tnl3M9UcKaaaeMzbTimcUwlCYY3Lme3kMFzeB21eFu2jIFlWaPtM\nTuOsxJByCTRXelhv3nykeHfs/zgpL/ZJPHMFrdIfkGVjmHdYf88BLasAYKP6cR39\nAh5xfURIOta9ADCIqObRalqhjy7e2HKkosBOQ4iAPfiOR5G1hPgU4WF75nzmYU0P\ncTiFepN9ZW81VR/eyUV8mrlWtkts988T3nauDAEKdIBagKvrqxcRKMXtuOqK798R\nwlrzLPUlwE6tmJ6eLPNJTeqPopQLo/87+9sxDZlLy+vVP1SClk/O6hSmCrjrfRlK\nqiVeq360mZvp7ibk6uuAIOUinaQXAvpHKWa1p12CwtFLYPeyv/VP1QErxYVIupKG\nFahue4D0c6MfEycxO+E+CiGmfpwbyNrXrIrKlPw7qDwUwLhAxdHPCqiIu+9OP7Nq\n8BC+cyGEekDBXrBrm7jCkwx6TKxoFWmA0gr+EDhbPMVpSbtGmSojhosE+3m1hEaU\n6v7hgIKHpWLMOyVga+DKxKwddfGYd6aXGrTfA+9l+F4U6zdZxwORBHpGDN+iR4el\nByUAAAc4EVtHgBFbR4AAAAAHc3NoLXJzYQAAAgEA75FZvQYAwghfErgYYTbCizNf\nFzaxRh9wisZVkWtawD7bgrzrcAIDx+oDR0Jw7LYguTxMi8AzVNW6zP3rBHFEhcFg\nA9fzTNA1xt6ThGlUJhM1/+E9/KI4tnl3M9UcKaaaeMzbTimcUwlCYY3Lme3kMFze\nB21eFu2jIFlWaPtMTuOsxJByCTRXelhv3nykeHfs/zgpL/ZJPHMFrdIfkGVjmHdY\nf88BLasAYKP6cR39Ah5xfURIOta9ADCIqObRalqhjy7e2HKkosBOQ4iAPfiOR5G1\nhPgU4WF75nzmYU0PcTiFepN9ZW81VR/eyUV8mrlWtkts988T3nauDAEKdIBagKvr\nqxcRKMXtuOqK798RwlrzLPUlwE6tmJ6eLPNJTeqPopQLo/87+9sxDZlLy+vVP1SC\nlk/O6hSmCrjrfRlKqiVeq360mZvp7ibk6uuAIOUinaQXAvpHKWa1p12CwtFLYPey\nv/VP1QErxYVIupKGFahue4D0c6MfEycxO+E+CiGmfpwbyNrXrIrKlPw7qDwUwLhA\nxdHPCqiIu+9OP7Nq8BC+cyGEekDBXrBrm7jCkwx6TKxoFWmA0gr+EDhbPMVpSbtG\nmSojhosE+3m1hEaU6v7hgIKHpWLMOyVga+DKxKwddfGYd6aXGrTfA+9l+F4U6zdZ\nxwORBHpGDN+iR4elByUAAAADAQABAAACAGcA5caiGB1VIBuaT9EsjETxl4cRmvL9\nfZQNZqkZsXFLFXKG6+vC0gFYmoQ/CvKb9EHwrTDBONDW/HQ7EJteYAnqdO/yH8f9\nFcIl3ONnriiYxfT40YAX965tV1VP4cX+vhgGbJyUw4PoTURIhSvv3tb0dvpWicft\n8N9tyftlYQ/iUFxLhtxyRtJxx9evW7/4QEwTx5G5oQ9+nQh5edzJ2yKo3cJGLMmH\n5qemmX2dWTVaBY3ImA3EWosEUx3b8Fp8EU7Q5jvGPwdDC+N5gzoh7nrTKWq8h63I\nDk+xkBRx35vco3dqhtXgFNw+0blUSRj1a1UB5R4/SNmzyW2b3PTuYvpu5dOkKL0H\nhgAyF06fd0Pisiz5pQ6kKDJ597VP5naVLWittlYXtzfr9BQ7A1KDa6PoJuRcAWuy\nw6d4O/9PXzj2qJEi/94T0FYmPzek6qrg4OAlIH/mYxpNBXqTm1vVCBMgEzQX4eER\n53qYUSsXcMGgZjiwVcU/YrtiaRNb+BXk3+o7gbJwxCAnnIsmnmv6E86Dizamu7qd\nwXElDbPifgZzs24F5TsA8lVJ2Sg0ILUccxqfHz2ygIBwztuF0DTfib1C5D2JrsF7\nY2bHGoh42s61aQHqHQnx0Hu+WEdWVcBBjB3txXJk96Y1/NMMM56YunkzP0Bhr4FH\nNezzQAYXn7wZAAABAB1vWDRUVo7KOLcwpZLd+etWANy3yfoSmeObbeSrAyOCAlUn\nT6/1V8PPdPusTr2q5PApXAFWgIcpATZowkvClqwQCguC0mcOvR9dMa2DW+0lp29c\ndzrzPIVIO8euydHgC5yVPZnjNEABcICXNgw67AjvsBlkXiPt1XN5pHkm6xj9V4vE\nLbaPf6KgfQ1OnMj7GW7W3KdIhMZKz9iOkzguEs2awjgVXnTW1uNzwMfgVdbpQ9h6\npYtFM5hOM6hznnE9QuhGGyqPl4Hu+Zff4HA8O57SOrev6ao58nSVCmBiJB6sldvJ\ncCkMLjAgr5W88KhODI0dsvXfgOcwSkr4b9wO8pEAAAEBAPC+m0EdLwCaHToFWbcl\nxQB6myOGgjqubZ4/TtACCo3ckzzh7e+Cllw6KJBvlxmgWk8fxVQ3ujuyMkp57dxK\nmyWvylX+Ubpih1DSMFbiuditpxHLiln5Ct2tMtELzsX0xH3+LnNxxo0hgGK4CmGw\nPPHfnUEAKWjIFXjX8Zlo9aAjnncivrSO1DhKtnuhfkQ38zvhsFV+ogONOWDuY13Y\nP3yrpjnqpgNo13Zwsjul1Xl43fbImX6Gh/8dUefH2PrnGFMswzj8pKhb6mWl6Xtb\n6FZYNbJK9zdNvxP7q+oZy9NpV/r6tkGyVbdL3mtY9CGx3tr0MDcWNWAvWs9GfjX2\nUIcAAAEBAP6/p3dbAhJ8cGzqPjSDyhh56szJ2VmCIg9p8J7Wee403oHH8GfNKz/z\nPaQJrCgBQtFI5qbUHUH2yXEn4iw+EgjFwfb4l51eZFLMl8PkEX1CfsZ5SYC3WtdP\n8MS9Bc+rEJ40z+l+CVTM8OsAuyj4EcscJlgZKT0MH2mpRwlsOJnzry5Uw2ijEeNK\nn591hwNnDexbW3WkZblHLkKULq4LZ217It/CFghG1Axnu6I1IcEVUbCJXQyN7oeD\nrDFl6/X7+wkhOiIZiOw6Y/dbuTdg1+uITIwuU0r/UL4eiwc8BfQeeNVje2q50pXL\nnDG718572exIVqGZXM4JEQK9flodcfMAAAAAAQID\n-----END OPENSSH PRIVATE KEY-----\n",
            "private_key_pem": "-----BEGIN RSA PRIVATE KEY-----\nMIIJKAIBAAKCAgEA75FZvQYAwghfErgYYTbCizNfFzaxRh9wisZVkWtawD7bgrzr\ncAIDx+oDR0Jw7LYguTxMi8AzVNW6zP3rBHFEhcFgA9fzTNA1xt6ThGlUJhM1/+E9\n/KI4tnl3M9UcKaaaeMzbTimcUwlCYY3Lme3kMFzeB21eFu2jIFlWaPtMTuOsxJBy\nCTRXelhv3nykeHfs/zgpL/ZJPHMFrdIfkGVjmHdYf88BLasAYKP6cR39Ah5xfURI\nOta9ADCIqObRalqhjy7e2HKkosBOQ4iAPfiOR5G1hPgU4WF75nzmYU0PcTiFepN9\nZW81VR/eyUV8mrlWtkts988T3nauDAEKdIBagKvrqxcRKMXtuOqK798RwlrzLPUl\nwE6tmJ6eLPNJTeqPopQLo/87+9sxDZlLy+vVP1SClk/O6hSmCrjrfRlKqiVeq360\nmZvp7ibk6uuAIOUinaQXAvpHKWa1p12CwtFLYPeyv/VP1QErxYVIupKGFahue4D0\nc6MfEycxO+E+CiGmfpwbyNrXrIrKlPw7qDwUwLhAxdHPCqiIu+9OP7Nq8BC+cyGE\nekDBXrBrm7jCkwx6TKxoFWmA0gr+EDhbPMVpSbtGmSojhosE+3m1hEaU6v7hgIKH\npWLMOyVga+DKxKwddfGYd6aXGrTfA+9l+F4U6zdZxwORBHpGDN+iR4elByUCAwEA\nAQKCAgBnAOXGohgdVSAbmk/RLIxE8ZeHEZry/X2UDWapGbFxSxVyhuvrwtIBWJqE\nPwrym/RB8K0wwTjQ1vx0OxCbXmAJ6nTv8h/H/RXCJdzjZ64omMX0+NGAF/eubVdV\nT+HF/r4YBmyclMOD6E1ESIUr797W9Hb6VonH7fDfbcn7ZWEP4lBcS4bcckbSccfX\nr1u/+EBME8eRuaEPfp0IeXncydsiqN3CRizJh+anppl9nVk1WgWNyJgNxFqLBFMd\n2/BafBFO0OY7xj8HQwvjeYM6Ie560ylqvIetyA5PsZAUcd+b3KN3aobV4BTcPtG5\nVEkY9WtVAeUeP0jZs8ltm9z07mL6buXTpCi9B4YAMhdOn3dD4rIs+aUOpCgyefe1\nT+Z2lS1orbZWF7c36/QUOwNSg2uj6CbkXAFrssOneDv/T1849qiRIv/eE9BWJj83\npOqq4ODgJSB/5mMaTQV6k5tb1QgTIBM0F+HhEed6mFErF3DBoGY4sFXFP2K7YmkT\nW/gV5N/qO4GycMQgJ5yLJp5r+hPOg4s2pru6ncFxJQ2z4n4Gc7NuBeU7APJVSdko\nNCC1HHManx89soCAcM7bhdA034m9QuQ9ia7Be2NmxxqIeNrOtWkB6h0J8dB7vlhH\nVlXAQYwd7cVyZPemNfzTDDOemLp5Mz9AYa+BRzXs80AGF5+8GQKCAQEA8L6bQR0v\nAJodOgVZtyXFAHqbI4aCOq5tnj9O0AIKjdyTPOHt74KWXDookG+XGaBaTx/FVDe6\nO7IySnnt3EqbJa/KVf5RumKHUNIwVuK52K2nEcuKWfkK3a0y0QvOxfTEff4uc3HG\njSGAYrgKYbA88d+dQQApaMgVeNfxmWj1oCOedyK+tI7UOEq2e6F+RDfzO+GwVX6i\nA405YO5jXdg/fKumOeqmA2jXdnCyO6XVeXjd9siZfoaH/x1R58fY+ucYUyzDOPyk\nqFvqZaXpe1voVlg1skr3N02/E/ur6hnL02lX+vq2QbJVt0vea1j0IbHe2vQwNxY1\nYC9az0Z+NfZQhwKCAQEA/r+nd1sCEnxwbOo+NIPKGHnqzMnZWYIiD2nwntZ57jTe\ngcfwZ80rP/M9pAmsKAFC0UjmptQdQfbJcSfiLD4SCMXB9viXnV5kUsyXw+QRfUJ+\nxnlJgLda10/wxL0Fz6sQnjTP6X4JVMzw6wC7KPgRyxwmWBkpPQwfaalHCWw4mfOv\nLlTDaKMR40qfn3WHA2cN7FtbdaRluUcuQpQurgtnbXsi38IWCEbUDGe7ojUhwRVR\nsIldDI3uh4OsMWXr9fv7CSE6IhmI7Dpj91u5N2DX64hMjC5TSv9Qvh6LBzwF9B54\n1WN7arnSlcucMbvXznvZ7EhWoZlczgkRAr1+Wh1x8wKCAQBaNjKbTcJFKXr2OPcL\naD3QFiF4SHkYYDB3ciWoUHt/+T27PLYaYAbT/H8i0I4AblQo/jDFhDRnFjk+Kz50\npAhLMPpTCv+5Jh6qrHistj0J8th+FJV9bZMiyjoWl6QeDcBrrgnd/K54SCuB0pEh\nVhcgU7jrmJHrz74sEE9aOzh/j5lb70sjAbqIdYa4ASX9jjG5KLMY9mDjj9IGfo4B\npnzzzKZ3YXRgJrNGkKhZLaU25ZHXXggWn3bqpCQDBKJMMriswkNNYW6aIAdPm8JI\nFYKUiG1mqCzHLn0BkfczvALi78CmLbiKGbeA/g8Ujrq8vZhS19oRamMJ7fTLYxD8\nS5aVAoIBAQCuD2+yarmIvgPnN0oXgbDVdoALOyPKN9Nj6sPhE7SuIOuji2Rk2Ffj\n0yRb78v0baAk9YW7mZUAHEpZiaHNDwAthEnaoNKfUP6FYIuV6kBU8NlEbVzemOl1\n0oY1Nt5Anaa2ImmpJVfk3D8EozQ+cvldaTd93HtD3gOco3AJLSujbVBV/M6jsUAo\nqDVWs+vzVDe8NlPQlup2ZP9juHIIs3wQ3yDd+HQrZZG/hCU9WMZecl2lnMW6LUQ8\nzaga/IP0SB6nh098OyxGFEN3oPF1uDLwGOoMoh6BUN/vd1kRMV70BNoVG2sZaixL\n85oelTWIPTGSc37V3b7+fE1mLOmnUxUnAoIBAB1vWDRUVo7KOLcwpZLd+etWANy3\nyfoSmeObbeSrAyOCAlUnT6/1V8PPdPusTr2q5PApXAFWgIcpATZowkvClqwQCguC\n0mcOvR9dMa2DW+0lp29cdzrzPIVIO8euydHgC5yVPZnjNEABcICXNgw67AjvsBlk\nXiPt1XN5pHkm6xj9V4vELbaPf6KgfQ1OnMj7GW7W3KdIhMZKz9iOkzguEs2awjgV\nXnTW1uNzwMfgVdbpQ9h6pYtFM5hOM6hznnE9QuhGGyqPl4Hu+Zff4HA8O57SOrev\n6ao58nSVCmBiJB6sldvJcCkMLjAgr5W88KhODI0dsvXfgOcwSkr4b9wO8pE=\n-----END RSA PRIVATE KEY-----\n",
            "private_key_pem_pkcs8": "-----BEGIN PRIVATE KEY-----\nMIIJQgIBADANBgkqhkiG9w0BAQEFAASCCSwwggkoAgEAAoICAQDvkVm9BgDCCF8S\nuBhhNsKLM18XNrFGH3CKxlWRa1rAPtuCvOtwAgPH6gNHQnDstiC5PEyLwDNU1brM\n/esEcUSFwWAD1/NM0DXG3pOEaVQmEzX/4T38oji2eXcz1Rwpppp4zNtOKZxTCUJh\njcuZ7eQwXN4HbV4W7aMgWVZo+0xO46zEkHIJNFd6WG/efKR4d+z/OCkv9kk8cwWt\n0h+QZWOYd1h/zwEtqwBgo/pxHf0CHnF9REg61r0AMIio5tFqWqGPLt7YcqSiwE5D\niIA9+I5HkbWE+BThYXvmfOZhTQ9xOIV6k31lbzVVH97JRXyauVa2S2z3zxPedq4M\nAQp0gFqAq+urFxEoxe246orv3xHCWvMs9SXATq2Ynp4s80lN6o+ilAuj/zv72zEN\nmUvL69U/VIKWT87qFKYKuOt9GUqqJV6rfrSZm+nuJuTq64Ag5SKdpBcC+kcpZrWn\nXYLC0Utg97K/9U/VASvFhUi6koYVqG57gPRzox8TJzE74T4KIaZ+nBvI2tesisqU\n/DuoPBTAuEDF0c8KqIi7704/s2rwEL5zIYR6QMFesGubuMKTDHpMrGgVaYDSCv4Q\nOFs8xWlJu0aZKiOGiwT7ebWERpTq/uGAgoelYsw7JWBr4MrErB118Zh3ppcatN8D\n72X4XhTrN1nHA5EEekYM36JHh6UHJQIDAQABAoICAGcA5caiGB1VIBuaT9EsjETx\nl4cRmvL9fZQNZqkZsXFLFXKG6+vC0gFYmoQ/CvKb9EHwrTDBONDW/HQ7EJteYAnq\ndO/yH8f9FcIl3ONnriiYxfT40YAX965tV1VP4cX+vhgGbJyUw4PoTURIhSvv3tb0\ndvpWicft8N9tyftlYQ/iUFxLhtxyRtJxx9evW7/4QEwTx5G5oQ9+nQh5edzJ2yKo\n3cJGLMmH5qemmX2dWTVaBY3ImA3EWosEUx3b8Fp8EU7Q5jvGPwdDC+N5gzoh7nrT\nKWq8h63IDk+xkBRx35vco3dqhtXgFNw+0blUSRj1a1UB5R4/SNmzyW2b3PTuYvpu\n5dOkKL0HhgAyF06fd0Pisiz5pQ6kKDJ597VP5naVLWittlYXtzfr9BQ7A1KDa6Po\nJuRcAWuyw6d4O/9PXzj2qJEi/94T0FYmPzek6qrg4OAlIH/mYxpNBXqTm1vVCBMg\nEzQX4eER53qYUSsXcMGgZjiwVcU/YrtiaRNb+BXk3+o7gbJwxCAnnIsmnmv6E86D\nizamu7qdwXElDbPifgZzs24F5TsA8lVJ2Sg0ILUccxqfHz2ygIBwztuF0DTfib1C\n5D2JrsF7Y2bHGoh42s61aQHqHQnx0Hu+WEdWVcBBjB3txXJk96Y1/NMMM56Yunkz\nP0Bhr4FHNezzQAYXn7wZAoIBAQDwvptBHS8Amh06BVm3JcUAepsjhoI6rm2eP07Q\nAgqN3JM84e3vgpZcOiiQb5cZoFpPH8VUN7o7sjJKee3cSpslr8pV/lG6YodQ0jBW\n4rnYracRy4pZ+QrdrTLRC87F9MR9/i5zccaNIYBiuAphsDzx351BACloyBV41/GZ\naPWgI553Ir60jtQ4SrZ7oX5EN/M74bBVfqIDjTlg7mNd2D98q6Y56qYDaNd2cLI7\npdV5eN32yJl+hof/HVHnx9j65xhTLMM4/KSoW+plpel7W+hWWDWySvc3Tb8T+6vq\nGcvTaVf6+rZBslW3S95rWPQhsd7a9DA3FjVgL1rPRn419lCHAoIBAQD+v6d3WwIS\nfHBs6j40g8oYeerMydlZgiIPafCe1nnuNN6Bx/BnzSs/8z2kCawoAULRSOam1B1B\n9slxJ+IsPhIIxcH2+JedXmRSzJfD5BF9Qn7GeUmAt1rXT/DEvQXPqxCeNM/pfglU\nzPDrALso+BHLHCZYGSk9DB9pqUcJbDiZ868uVMNooxHjSp+fdYcDZw3sW1t1pGW5\nRy5ClC6uC2dteyLfwhYIRtQMZ7uiNSHBFVGwiV0Mje6Hg6wxZev1+/sJIToiGYjs\nOmP3W7k3YNfriEyMLlNK/1C+HosHPAX0HnjVY3tqudKVy5wxu9fOe9nsSFahmVzO\nCRECvX5aHXHzAoIBAFo2MptNwkUpevY49wtoPdAWIXhIeRhgMHdyJahQe3/5Pbs8\nthpgBtP8fyLQjgBuVCj+MMWENGcWOT4rPnSkCEsw+lMK/7kmHqqseKy2PQny2H4U\nlX1tkyLKOhaXpB4NwGuuCd38rnhIK4HSkSFWFyBTuOuYkevPviwQT1o7OH+PmVvv\nSyMBuoh1hrgBJf2OMbkosxj2YOOP0gZ+jgGmfPPMpndhdGAms0aQqFktpTblkdde\nCBafduqkJAMEokwyuKzCQ01hbpogB0+bwkgVgpSIbWaoLMcufQGR9zO8AuLvwKYt\nuIoZt4D+DxSOury9mFLX2hFqYwnt9MtjEPxLlpUCggEBAK4Pb7JquYi+A+c3SheB\nsNV2gAs7I8o302Pqw+ETtK4g66OLZGTYV+PTJFvvy/RtoCT1hbuZlQAcSlmJoc0P\nAC2ESdqg0p9Q/oVgi5XqQFTw2URtXN6Y6XXShjU23kCdprYiaaklV+TcPwSjND5y\n+V1pN33ce0PeA5yjcAktK6NtUFX8zqOxQCioNVaz6/NUN7w2U9CW6nZk/2O4cgiz\nfBDfIN34dCtlkb+EJT1Yxl5yXaWcxbotRDzNqBr8g/RIHqeHT3w7LEYUQ3eg8XW4\nMvAY6gyiHoFQ3+93WRExXvQE2hUbaxlqLEvzmh6VNYg9MZJzftXdvv58TWYs6adT\nFScCggEAHW9YNFRWjso4tzClkt3561YA3LfJ+hKZ45tt5KsDI4ICVSdPr/VXw890\n+6xOvark8ClcAVaAhykBNmjCS8KWrBAKC4LSZw69H10xrYNb7SWnb1x3OvM8hUg7\nx67J0eALnJU9meM0QAFwgJc2DDrsCO+wGWReI+3Vc3mkeSbrGP1Xi8Qtto9/oqB9\nDU6cyPsZbtbcp0iExkrP2I6TOC4SzZrCOBVedNbW43PAx+BV1ulD2Hqli0UzmE4z\nqHOecT1C6EYbKo+Xge75l9/gcDw7ntI6t6/pqjnydJUKYGIkHqyV28lwKQwuMCCv\nlbzwqE4MjR2y9d+A5zBKSvhv3A7ykQ==\n-----END PRIVATE KEY-----\n",
            "public_key_fingerprint_md5": "bc:ec:7e:7b:56:ec:b8:78:d5:1b:38:1c:a9:24:46:78",
            "public_key_fingerprint_sha256": "SHA256:2AYUlBQcw3AV51YzQHtdI5wtTHJ0d6vKCRNlWPy2adQ",
            "public_key_openssh": "ssh-rsa AAAAB3NzaC1yc2EAAAADAQABAAACAQDvkVm9BgDCCF8SuBhhNsKLM18XNrFGH3CKxlWRa1rAPtuCvOtwAgPH6gNHQnDstiC5PEyLwDNU1brM/esEcUSFwWAD1/NM0DXG3pOEaVQmEzX/4T38oji2eXcz1Rwpppp4zNtOKZxTCUJhjcuZ7eQwXN4HbV4W7aMgWVZo+0xO46zEkHIJNFd6WG/efKR4d+z/OCkv9kk8cwWt0h+QZWOYd1h/zwEtqwBgo/pxHf0CHnF9REg61r0AMIio5tFqWqGPLt7YcqSiwE5DiIA9+I5HkbWE+BThYXvmfOZhTQ9xOIV6k31lbzVVH97JRXyauVa2S2z3zxPedq4MAQp0gFqAq+urFxEoxe246orv3xHCWvMs9SXATq2Ynp4s80lN6o+ilAuj/zv72zENmUvL69U/VIKWT87qFKYKuOt9GUqqJV6rfrSZm+nuJuTq64Ag5SKdpBcC+kcpZrWnXYLC0Utg97K/9U/VASvFhUi6koYVqG57gPRzox8TJzE74T4KIaZ+nBvI2tesisqU/DuoPBTAuEDF0c8KqIi7704/s2rwEL5zIYR6QMFesGubuMKTDHpMrGgVaYDSCv4QOFs8xWlJu0aZKiOGiwT7ebWERpTq/uGAgoelYsw7JWBr4MrErB118Zh3ppcatN8D72X4XhTrN1nHA5EEekYM36JHh6UHJQ==\n",
            "public_key_pem": "-----BEGIN PUBLIC KEY-----\nMIICIjANBgkqhkiG9w0BAQEFAAOCAg8AMIICCgKCAgEA75FZvQYAwghfErgYYTbC\nizNfFzaxRh9wisZVkWtawD7bgrzrcAIDx+oDR0Jw7LYguTxMi8AzVNW6zP3rBHFE\nhcFgA9fzTNA1xt6ThGlUJhM1/+E9/KI4tnl3M9UcKaaaeMzbTimcUwlCYY3Lme3k\nMFzeB21eFu2jIFlWaPtMTuOsxJByCTRXelhv3nykeHfs/zgpL/ZJPHMFrdIfkGVj\nmHdYf88BLasAYKP6cR39Ah5xfURIOta9ADCIqObRalqhjy7e2HKkosBOQ4iAPfiO\nR5G1hPgU4WF75nzmYU0PcTiFepN9ZW81VR/eyUV8mrlWtkts988T3nauDAEKdIBa\ngKvrqxcRKMXtuOqK798RwlrzLPUlwE6tmJ6eLPNJTeqPopQLo/87+9sxDZlLy+vV\nP1SClk/O6hSmCrjrfRlKqiVeq360mZvp7ibk6uuAIOUinaQXAvpHKWa1p12CwtFL\nYPeyv/VP1QErxYVIupKGFahue4D0c6MfEycxO+E+CiGmfpwbyNrXrIrKlPw7qDwU\nwLhAxdHPCqiIu+9OP7Nq8BC+cyGEekDBXrBrm7jCkwx6TKxoFWmA0gr+EDhbPMVp\nSbtGmSojhosE+3m1hEaU6v7hgIKHpWLMOyVga+DKxKwddfGYd6aXGrTfA+9l+F4U\n6zdZxwORBHpGDN+iR4elByUCAwEAAQ==\n-----END PUBLIC KEY-----\n",
            "rsa_bits": 4096
          },
          "sensitive_attributes": [
            [
              {
                "type": "get_attr",
                "value": "private_key_openssh"
              }
            ],
            [
              {
                "type": "get_attr",
                "value": "private_key_pem"
              }
            ],
            [
              {
                "type": "get_attr",
                "value": "private_key_pem_pkcs8"
              }
            ]
          ],
          "identity_schema_version": 0
        }
      ]
    }
  ],
  "check_results": null
}
